
Microsoft Visual Studio Solution File, Format Version 12.00
# Visual Studio 15
VisualStudioVersion = 15.0.27004.2002
MinimumVisualStudioVersion = 10.0.40219.1
Project("{9A19103F-16F7-4668-BE54-9A1E7A4F7556}") = "Assignment4.Tests", "Assignment4.Tests\Assignment4.Tests.csproj", "{A5BB0882-A025-45A4-976C-B15575EBCCEB}"
EndProject
Project("{9A19103F-16F7-4668-BE54-9A1E7A4F7556}") = "DataService", "Assignment4\DataService.csproj", "{5B963936-FD49-4B10-9F6E-528AE28EB692}"
EndProject
Project("{FAE04EC0-301F-11D3-BF4B-00C04F79EFBC}") = "WebService", "ClassLibrary1\WebService.csproj", "{86FFF601-81EF-48A5-A15C-BBCCC0893394}"
EndProject
Global
	GlobalSection(SolutionConfigurationPlatforms) = preSolution
		Debug|Any CPU = Debug|Any CPU
		Release|Any CPU = Release|Any CPU
	EndGlobalSection
	GlobalSection(ProjectConfigurationPlatforms) = postSolution
		{A5BB0882-A025-45A4-976C-B15575EBCCEB}.Debug|Any CPU.ActiveCfg = Debug|Any CPU
		{A5BB0882-A025-45A4-976C-B15575EBCCEB}.Debug|Any CPU.Build.0 = Debug|Any CPU
		{A5BB0882-A025-45A4-976C-B15575EBCCEB}.Release|Any CPU.ActiveCfg = Release|Any CPU
		{A5BB0882-A025-45A4-976C-B15575EBCCEB}.Release|Any CPU.Build.0 = Release|Any CPU
		{5B963936-FD49-4B10-9F6E-528AE28EB692}.Debug|Any CPU.ActiveCfg = Debug|Any CPU
		{5B963936-FD49-4B10-9F6E-528AE28EB692}.Debug|Any CPU.Build.0 = Debug|Any CPU
		{5B963936-FD49-4B10-9F6E-528AE28EB692}.Release|Any CPU.ActiveCfg = Release|Any CPU
		{5B963936-FD49-4B10-9F6E-528AE28EB692}.Release|Any CPU.Build.0 = Release|Any CPU
		{86FFF601-81EF-48A5-A15C-BBCCC0893394}.Debug|Any CPU.ActiveCfg = Debug|Any CPU
		{86FFF601-81EF-48A5-A15C-BBCCC0893394}.Debug|Any CPU.Build.0 = Debug|Any CPU
		{86FFF601-81EF-48A5-A15C-BBCCC0893394}.Release|Any CPU.ActiveCfg = Release|Any CPU
		{86FFF601-81EF-48A5-A15C-BBCCC0893394}.Release|Any CPU.Build.0 = Release|Any CPU
	EndGlobalSection
	GlobalSection(SolutionProperties) = preSolution
		HideSolutionNode = FALSE
	EndGlobalSection
	GlobalSection(ExtensibilityGlobals) = postSolution
		SolutionGuid = {1D01FC96-FABB-4396-BFB6-ADAEEC32F895}
	EndGlobalSection
EndGlobal
